
Microsoft Visual Studio Solution File, Format Version 12.00
# Visual Studio Version 16
VisualStudioVersion = 16.0.28902.138
MinimumVisualStudioVersion = 10.0.40219.1
Project("{FAE04EC0-301F-11D3-BF4B-00C04F79EFBC}") = "Calculator2019", "Calculator2019\Calculator2019.csproj", "{695A55DE-55D8-45BB-9589-C94A238AC0A1}"
EndProject
Global
	GlobalSection(SolutionConfigurationPlatforms) = preSolution
		Debug|Any CPU = Debug|Any CPU
		Release|Any CPU = Release|Any CPU
	EndGlobalSection
	GlobalSection(ProjectConfigurationPlatforms) = postSolution
		{695A55DE-55D8-45BB-9589-C94A238AC0A1}.Debug|Any CPU.ActiveCfg = Debug|Any CPU
		{695A55DE-55D8-45BB-9589-C94A238AC0A1}.Debug|Any CPU.Build.0 = Debug|Any CPU
		{695A55DE-55D8-45BB-9589-C94A238AC0A1}.Release|Any CPU.ActiveCfg = Release|Any CPU
		{695A55DE-55D8-45BB-9589-C94A238AC0A1}.Release|Any CPU.Build.0 = Release|Any CPU
	EndGlobalSection
	GlobalSection(SolutionProperties) = preSolution
		HideSolutionNode = FALSE
	EndGlobalSection
	GlobalSection(ExtensibilityGlobals) = postSolution
		SolutionGuid = {15507B6D-DE6A-4468-A58D-FCA095226F0E}
	EndGlobalSection
EndGlobal
